
Microsoft Visual Studio Solution File, Format Version 12.00
# Visual Studio Version 17
VisualStudioVersion = 17.7.34024.191
MinimumVisualStudioVersion = 10.0.40219.1
Project("{FAE04EC0-301F-11D3-BF4B-00C04F79EFBC}") = "Lab11", "Lab11\Lab11.csproj", "{807AFAF7-E24D-4922-9463-574FEE375FAC}"
EndProject
Global
	GlobalSection(SolutionConfigurationPlatforms) = preSolution
		Debug|Any CPU = Debug|Any CPU
		Release|Any CPU = Release|Any CPU
	EndGlobalSection
	GlobalSection(ProjectConfigurationPlatforms) = postSolution
		{807AFAF7-E24D-4922-9463-574FEE375FAC}.Debug|Any CPU.ActiveCfg = Debug|Any CPU
		{807AFAF7-E24D-4922-9463-574FEE375FAC}.Debug|Any CPU.Build.0 = Debug|Any CPU
		{807AFAF7-E24D-4922-9463-574FEE375FAC}.Release|Any CPU.ActiveCfg = Release|Any CPU
		{807AFAF7-E24D-4922-9463-574FEE375FAC}.Release|Any CPU.Build.0 = Release|Any CPU
	EndGlobalSection
	GlobalSection(SolutionProperties) = preSolution
		HideSolutionNode = FALSE
	EndGlobalSection
	GlobalSection(ExtensibilityGlobals) = postSolution
		SolutionGuid = {67BE9CAF-0804-4CAC-AD71-CDD3A673C286}
	EndGlobalSection
EndGlobal
